
Microsoft Visual Studio Solution File, Format Version 12.00
# Visual Studio Version 18
VisualStudioVersion = 18.6.11716.218 insiders
MinimumVisualStudioVersion = 10.0.40219.1
Project("{FAE04EC0-301F-11D3-BF4B-00C04F79EFBC}") = "OnlineMedicineStoreBackend", "OnlineMedicineStoreBackend.csproj", "{64A5F22B-BFA3-DA10-45B1-CF696FC5CC47}"
EndProject
Global
	GlobalSection(SolutionConfigurationPlatforms) = preSolution
		Debug|Any CPU = Debug|Any CPU
		Release|Any CPU = Release|Any CPU
	EndGlobalSection
	GlobalSection(ProjectConfigurationPlatforms) = postSolution
		{64A5F22B-BFA3-DA10-45B1-CF696FC5CC47}.Debug|Any CPU.ActiveCfg = Debug|Any CPU
		{64A5F22B-BFA3-DA10-45B1-CF696FC5CC47}.Debug|Any CPU.Build.0 = Debug|Any CPU
		{64A5F22B-BFA3-DA10-45B1-CF696FC5CC47}.Release|Any CPU.ActiveCfg = Release|Any CPU
		{64A5F22B-BFA3-DA10-45B1-CF696FC5CC47}.Release|Any CPU.Build.0 = Release|Any CPU
	EndGlobalSection
	GlobalSection(SolutionProperties) = preSolution
		HideSolutionNode = FALSE
	EndGlobalSection
	GlobalSection(ExtensibilityGlobals) = postSolution
		SolutionGuid = {FF9DB940-9351-43E9-8E70-626F6901828B}
	EndGlobalSection
EndGlobal
